
Microsoft Visual Studio Solution File, Format Version 12.00
# Visual Studio Version 16
VisualStudioVersion = 16.0.29613.14
MinimumVisualStudioVersion = 10.0.40219.1
Project("{9A19103F-16F7-4668-BE54-9A1E7A4F7556}") = "ECE2310_HW06_01a", "ECE2310_HW06_01a.csproj", "{92682C1F-C376-4844-A17F-2F847FB9F18D}"
EndProject
Global
	GlobalSection(SolutionConfigurationPlatforms) = preSolution
		Debug|Any CPU = Debug|Any CPU
		Release|Any CPU = Release|Any CPU
	EndGlobalSection
	GlobalSection(ProjectConfigurationPlatforms) = postSolution
		{92682C1F-C376-4844-A17F-2F847FB9F18D}.Debug|Any CPU.ActiveCfg = Debug|Any CPU
		{92682C1F-C376-4844-A17F-2F847FB9F18D}.Debug|Any CPU.Build.0 = Debug|Any CPU
		{92682C1F-C376-4844-A17F-2F847FB9F18D}.Release|Any CPU.ActiveCfg = Release|Any CPU
		{92682C1F-C376-4844-A17F-2F847FB9F18D}.Release|Any CPU.Build.0 = Release|Any CPU
	EndGlobalSection
	GlobalSection(SolutionProperties) = preSolution
		HideSolutionNode = FALSE
	EndGlobalSection
	GlobalSection(ExtensibilityGlobals) = postSolution
		SolutionGuid = {97889F80-2253-4125-9DD9-FFCB6D905944}
	EndGlobalSection
EndGlobal
