
Microsoft Visual Studio Solution File, Format Version 12.00
# Visual Studio Version 16
VisualStudioVersion = 16.0.29613.14
MinimumVisualStudioVersion = 10.0.40219.1
Project("{FAE04EC0-301F-11D3-BF4B-00C04F79EFBC}") = "Week0502", "Week0502.csproj", "{2F2BD106-4FDC-4AA5-AAF4-3DEED060904B}"
EndProject
Global
	GlobalSection(SolutionConfigurationPlatforms) = preSolution
		Debug|Any CPU = Debug|Any CPU
		Release|Any CPU = Release|Any CPU
	EndGlobalSection
	GlobalSection(ProjectConfigurationPlatforms) = postSolution
		{2F2BD106-4FDC-4AA5-AAF4-3DEED060904B}.Debug|Any CPU.ActiveCfg = Debug|Any CPU
		{2F2BD106-4FDC-4AA5-AAF4-3DEED060904B}.Debug|Any CPU.Build.0 = Debug|Any CPU
		{2F2BD106-4FDC-4AA5-AAF4-3DEED060904B}.Release|Any CPU.ActiveCfg = Release|Any CPU
		{2F2BD106-4FDC-4AA5-AAF4-3DEED060904B}.Release|Any CPU.Build.0 = Release|Any CPU
	EndGlobalSection
	GlobalSection(SolutionProperties) = preSolution
		HideSolutionNode = FALSE
	EndGlobalSection
	GlobalSection(ExtensibilityGlobals) = postSolution
		SolutionGuid = {1DF63BFF-5605-4170-B3AB-C1F474F94E44}
	EndGlobalSection
EndGlobal
