
Microsoft Visual Studio Solution File, Format Version 12.00
# Visual Studio Version 16
VisualStudioVersion = 16.0.29728.190
MinimumVisualStudioVersion = 10.0.40219.1
Project("{FAE04EC0-301F-11D3-BF4B-00C04F79EFBC}") = "ECE2310_HW02_02", "ECE2310_HW02_02\ECE2310_HW02_02.csproj", "{FDD09E86-09E5-42A1-88EC-512CBE45BB8A}"
EndProject
Global
	GlobalSection(SolutionConfigurationPlatforms) = preSolution
		Debug|Any CPU = Debug|Any CPU
		Release|Any CPU = Release|Any CPU
	EndGlobalSection
	GlobalSection(ProjectConfigurationPlatforms) = postSolution
		{FDD09E86-09E5-42A1-88EC-512CBE45BB8A}.Debug|Any CPU.ActiveCfg = Debug|Any CPU
		{FDD09E86-09E5-42A1-88EC-512CBE45BB8A}.Debug|Any CPU.Build.0 = Debug|Any CPU
		{FDD09E86-09E5-42A1-88EC-512CBE45BB8A}.Release|Any CPU.ActiveCfg = Release|Any CPU
		{FDD09E86-09E5-42A1-88EC-512CBE45BB8A}.Release|Any CPU.Build.0 = Release|Any CPU
	EndGlobalSection
	GlobalSection(SolutionProperties) = preSolution
		HideSolutionNode = FALSE
	EndGlobalSection
	GlobalSection(ExtensibilityGlobals) = postSolution
		SolutionGuid = {F6D35F7E-9F08-4CEF-8BCB-D0A3ABC91685}
	EndGlobalSection
EndGlobal
